// !$*UTF8*$!
{
	archiveVersion = 1;
	classes = {
	};
	objectVersion = 55;
	objects = {

/* Begin PBXBuildFile section */
		ADE0FC212875FD8E00B4FBE4 /* AppDelegate.swift in Sources */ = {isa = PBXBuildFile; fileRef = ADE0FC202875FD8E00B4FBE4 /* AppDelegate.swift */; };
		ADE0FC232875FD8E00B4FBE4 /* SceneDelegate.swift in Sources */ = {isa = PBXBuildFile; fileRef = ADE0FC222875FD8E00B4FBE4 /* SceneDelegate.swift */; };
		ADE0FC282875FD8E00B4FBE4 /* Main.storyboard in Resources */ = {isa = PBXBuildFile; fileRef = ADE0FC262875FD8E00B4FBE4 /* Main.storyboard */; };
		ADE0FC2A2875FD8E00B4FBE4 /* Assets.xcassets in Resources */ = {isa = PBXBuildFile; fileRef = ADE0FC292875FD8E00B4FBE4 /* Assets.xcassets */; };
		ADE0FC2D2875FD8E00B4FBE4 /* LaunchScreen.storyboard in Resources */ = {isa = PBXBuildFile; fileRef = ADE0FC2B2875FD8E00B4FBE4 /* LaunchScreen.storyboard */; };
		ADE0FC3E2876003000B4FBE4 /* Alamofire in Frameworks */ = {isa = PBXBuildFile; productRef = ADE0FC3D2876003000B4FBE4 /* Alamofire */; };
		ADE0FC402876010000B4FBE4 /* MargaritaViewController.swift in Sources */ = {isa = PBXBuildFile; fileRef = ADE0FC3F2876010000B4FBE4 /* MargaritaViewController.swift */; };
		ADE0FC422876011E00B4FBE4 /* MargaritasDetailViewController.swift in Sources */ = {isa = PBXBuildFile; fileRef = ADE0FC412876011E00B4FBE4 /* MargaritasDetailViewController.swift */; };
		ADE0FC442876014800B4FBE4 /* MargaritaViewCell.swift in Sources */ = {isa = PBXBuildFile; fileRef = ADE0FC432876014800B4FBE4 /* MargaritaViewCell.swift */; };
		ADE0FC462876016600B4FBE4 /* NetworkManager.swift in Sources */ = {isa = PBXBuildFile; fileRef = ADE0FC452876016600B4FBE4 /* NetworkManager.swift */; };
		ADE0FC482876018100B4FBE4 /* Margarita.swift in Sources */ = {isa = PBXBuildFile; fileRef = ADE0FC472876018100B4FBE4 /* Margarita.swift */; };
/* End PBXBuildFile section */

/* Begin PBXFileReference section */
		ADE0FC1D2875FD8E00B4FBE4 /* CoctailRecepiesAF.app */ = {isa = PBXFileReference; explicitFileType = wrapper.application; includeInIndex = 0; path = CoctailRecepiesAF.app; sourceTree = BUILT_PRODUCTS_DIR; };
		ADE0FC202875FD8E00B4FBE4 /* AppDelegate.swift */ = {isa = PBXFileReference; lastKnownFileType = sourcecode.swift; path = AppDelegate.swift; sourceTree = "<group>"; };
		ADE0FC222875FD8E00B4FBE4 /* SceneDelegate.swift */ = {isa = PBXFileReference; lastKnownFileType = sourcecode.swift; path = SceneDelegate.swift; sourceTree = "<group>"; };
		ADE0FC272875FD8E00B4FBE4 /* Base */ = {isa = PBXFileReference; lastKnownFileType = file.storyboard; name = Base; path = Base.lproj/Main.storyboard; sourceTree = "<group>"; };
		ADE0FC292875FD8E00B4FBE4 /* Assets.xcassets */ = {isa = PBXFileReference; lastKnownFileType = folder.assetcatalog; path = Assets.xcassets; sourceTree = "<group>"; };
		ADE0FC2C2875FD8E00B4FBE4 /* Base */ = {isa = PBXFileReference; lastKnownFileType = file.storyboard; name = Base; path = Base.lproj/LaunchScreen.storyboard; sourceTree = "<group>"; };
		ADE0FC2E2875FD8E00B4FBE4 /* Info.plist */ = {isa = PBXFileReference; lastKnownFileType = text.plist.xml; path = Info.plist; sourceTree = "<group>"; };
		ADE0FC3F2876010000B4FBE4 /* MargaritaViewController.swift */ = {isa = PBXFileReference; lastKnownFileType = sourcecode.swift; path = MargaritaViewController.swift; sourceTree = "<group>"; };
		ADE0FC412876011E00B4FBE4 /* MargaritasDetailViewController.swift */ = {isa = PBXFileReference; lastKnownFileType = sourcecode.swift; path = MargaritasDetailViewController.swift; sourceTree = "<group>"; };
		ADE0FC432876014800B4FBE4 /* MargaritaViewCell.swift */ = {isa = PBXFileReference; lastKnownFileType = sourcecode.swift; path = MargaritaViewCell.swift; sourceTree = "<group>"; };
		ADE0FC452876016600B4FBE4 /* NetworkManager.swift */ = {isa = PBXFileReference; lastKnownFileType = sourcecode.swift; path = NetworkManager.swift; sourceTree = "<group>"; };
		ADE0FC472876018100B4FBE4 /* Margarita.swift */ = {isa = PBXFileReference; lastKnownFileType = sourcecode.swift; path = Margarita.swift; sourceTree = "<group>"; };
/* End PBXFileReference section */

/* Begin PBXFrameworksBuildPhase section */
		ADE0FC1A2875FD8E00B4FBE4 /* Frameworks */ = {
			isa = PBXFrameworksBuildPhase;
			buildActionMask = 2147483647;
			files = (
				ADE0FC3E2876003000B4FBE4 /* Alamofire in Frameworks */,
			);
			runOnlyForDeploymentPostprocessing = 0;
		};
/* End PBXFrameworksBuildPhase section */

/* Begin PBXGroup section */
		ADE0FC142875FD8E00B4FBE4 = {
			isa = PBXGroup;
			children = (
				ADE0FC1F2875FD8E00B4FBE4 /* CoctailRecepiesAF */,
				ADE0FC1E2875FD8E00B4FBE4 /* Products */,
			);
			sourceTree = "<group>";
		};
		ADE0FC1E2875FD8E00B4FBE4 /* Products */ = {
			isa = PBXGroup;
			children = (
				ADE0FC1D2875FD8E00B4FBE4 /* CoctailRecepiesAF.app */,
			);
			name = Products;
			sourceTree = "<group>";
		};
		ADE0FC1F2875FD8E00B4FBE4 /* CoctailRecepiesAF */ = {
			isa = PBXGroup;
			children = (
				ADE0FC3B2875FE8A00B4FBE4 /* Services */,
				ADE0FC382875FE4D00B4FBE4 /* Models */,
				ADE0FC352875FDF900B4FBE4 /* ViewControllers */,
				ADE0FC3A2875FE7E00B4FBE4 /* CustomUI */,
				ADE0FC362875FE0700B4FBE4 /* Storyboards */,
				ADE0FC372875FE1100B4FBE4 /* Resources */,
				ADE0FC342875FDF200B4FBE4 /* App */,
			);
			path = CoctailRecepiesAF;
			sourceTree = "<group>";
		};
		ADE0FC342875FDF200B4FBE4 /* App */ = {
			isa = PBXGroup;
			children = (
				ADE0FC202875FD8E00B4FBE4 /* AppDelegate.swift */,
				ADE0FC222875FD8E00B4FBE4 /* SceneDelegate.swift */,
				ADE0FC2E2875FD8E00B4FBE4 /* Info.plist */,
			);
			path = App;
			sourceTree = "<group>";
		};
		ADE0FC352875FDF900B4FBE4 /* ViewControllers */ = {
			isa = PBXGroup;
			children = (
				ADE0FC3F2876010000B4FBE4 /* MargaritaViewController.swift */,
				ADE0FC412876011E00B4FBE4 /* MargaritasDetailViewController.swift */,
			);
			path = ViewControllers;
			sourceTree = "<group>";
		};
		ADE0FC362875FE0700B4FBE4 /* Storyboards */ = {
			isa = PBXGroup;
			children = (
				ADE0FC262875FD8E00B4FBE4 /* Main.storyboard */,
				ADE0FC2B2875FD8E00B4FBE4 /* LaunchScreen.storyboard */,
			);
			path = Storyboards;
			sourceTree = "<group>";
		};
		ADE0FC372875FE1100B4FBE4 /* Resources */ = {
			isa = PBXGroup;
			children = (
				ADE0FC292875FD8E00B4FBE4 /* Assets.xcassets */,
			);
			path = Resources;
			sourceTree = "<group>";
		};
		ADE0FC382875FE4D00B4FBE4 /* Models */ = {
			isa = PBXGroup;
			children = (
				ADE0FC472876018100B4FBE4 /* Margarita.swift */,
			);
			path = Models;
			sourceTree = "<group>";
		};
		ADE0FC3A2875FE7E00B4FBE4 /* CustomUI */ = {
			isa = PBXGroup;
			children = (
				ADE0FC432876014800B4FBE4 /* MargaritaViewCell.swift */,
			);
			path = CustomUI;
			sourceTree = "<group>";
		};
		ADE0FC3B2875FE8A00B4FBE4 /* Services */ = {
			isa = PBXGroup;
			children = (
				ADE0FC452876016600B4FBE4 /* NetworkManager.swift */,
			);
			path = Services;
			sourceTree = "<group>";
		};
/* End PBXGroup section */

/* Begin PBXNativeTarget section */
		ADE0FC1C2875FD8E00B4FBE4 /* CoctailRecepiesAF */ = {
			isa = PBXNativeTarget;
			buildConfigurationList = ADE0FC312875FD8E00B4FBE4 /* Build configuration list for PBXNativeTarget "CoctailRecepiesAF" */;
			buildPhases = (
				ADE0FC192875FD8E00B4FBE4 /* Sources */,
				ADE0FC1A2875FD8E00B4FBE4 /* Frameworks */,
				ADE0FC1B2875FD8E00B4FBE4 /* Resources */,
			);
			buildRules = (
			);
			dependencies = (
			);
			name = CoctailRecepiesAF;
			packageProductDependencies = (
				ADE0FC3D2876003000B4FBE4 /* Alamofire */,
			);
			productName = CoctailRecepiesAF;
			productReference = ADE0FC1D2875FD8E00B4FBE4 /* CoctailRecepiesAF.app */;
			productType = "com.apple.product-type.application";
		};
/* End PBXNativeTarget section */

/* Begin PBXProject section */
		ADE0FC152875FD8E00B4FBE4 /* Project object */ = {
			isa = PBXProject;
			attributes = {
				BuildIndependentTargetsInParallel = 1;
				LastSwiftUpdateCheck = 1340;
				LastUpgradeCheck = 1340;
				TargetAttributes = {
					ADE0FC1C2875FD8E00B4FBE4 = {
						CreatedOnToolsVersion = 13.4.1;
					};
				};
			};
			buildConfigurationList = ADE0FC182875FD8E00B4FBE4 /* Build configuration list for PBXProject "CoctailRecepiesAF" */;
			compatibilityVersion = "Xcode 13.0";
			developmentRegion = en;
			hasScannedForEncodings = 0;
			knownRegions = (
				en,
				Base,
			);
			mainGroup = ADE0FC142875FD8E00B4FBE4;
			packageReferences = (
				ADE0FC3C2876003000B4FBE4 /* XCRemoteSwiftPackageReference "Alamofire" */,
			);
			productRefGroup = ADE0FC1E2875FD8E00B4FBE4 /* Products */;
			projectDirPath = "";
			projectRoot = "";
			targets = (
				ADE0FC1C2875FD8E00B4FBE4 /* CoctailRecepiesAF */,
			);
		};
/* End PBXProject section */

/* Begin PBXResourcesBuildPhase section */
		ADE0FC1B2875FD8E00B4FBE4 /* Resources */ = {
			isa = PBXResourcesBuildPhase;
			buildActionMask = 2147483647;
			files = (
				ADE0FC2D2875FD8E00B4FBE4 /* LaunchScreen.storyboard in Resources */,
				ADE0FC2A2875FD8E00B4FBE4 /* Assets.xcassets in Resources */,
				ADE0FC282875FD8E00B4FBE4 /* Main.storyboard in Resources */,
			);
			runOnlyForDeploymentPostprocessing = 0;
		};
/* End PBXResourcesBuildPhase section */

/* Begin PBXSourcesBuildPhase section */
		ADE0FC192875FD8E00B4FBE4 /* Sources */ = {
			isa = PBXSourcesBuildPhase;
			buildActionMask = 2147483647;
			files = (
				ADE0FC462876016600B4FBE4 /* NetworkManager.swift in Sources */,
				ADE0FC482876018100B4FBE4 /* Margarita.swift in Sources */,
				ADE0FC422876011E00B4FBE4 /* MargaritasDetailViewController.swift in Sources */,
				ADE0FC212875FD8E00B4FBE4 /* AppDelegate.swift in Sources */,
				ADE0FC442876014800B4FBE4 /* MargaritaViewCell.swift in Sources */,
				ADE0FC402876010000B4FBE4 /* MargaritaViewController.swift in Sources */,
				ADE0FC232875FD8E00B4FBE4 /* SceneDelegate.swift in Sources */,
			);
			runOnlyForDeploymentPostprocessing = 0;
		};
/* End PBXSourcesBuildPhase section */

/* Begin PBXVariantGroup section */
		ADE0FC262875FD8E00B4FBE4 /* Main.storyboard */ = {
			isa = PBXVariantGroup;
			children = (
				ADE0FC272875FD8E00B4FBE4 /* Base */,
			);
			name = Main.storyboard;
			sourceTree = "<group>";
		};
		ADE0FC2B2875FD8E00B4FBE4 /* LaunchScreen.storyboard */ = {
			isa = PBXVariantGroup;
			children = (
				ADE0FC2C2875FD8E00B4FBE4 /* Base */,
			);
			name = LaunchScreen.storyboard;
			sourceTree = "<group>";
		};
/* End PBXVariantGroup section */

/* Begin XCBuildConfiguration section */
		ADE0FC2F2875FD8E00B4FBE4 /* Debug */ = {
			isa = XCBuildConfiguration;
			buildSettings = {
				ALWAYS_SEARCH_USER_PATHS = NO;
				CLANG_ANALYZER_NONNULL = YES;
				CLANG_ANALYZER_NUMBER_OBJECT_CONVERSION = YES_AGGRESSIVE;
				CLANG_CXX_LANGUAGE_STANDARD = "gnu++17";
				CLANG_ENABLE_MODULES = YES;
				CLANG_ENABLE_OBJC_ARC = YES;
				CLANG_ENABLE_OBJC_WEAK = YES;
				CLANG_WARN_BLOCK_CAPTURE_AUTORELEASING = YES;
				CLANG_WARN_BOOL_CONVERSION = YES;
				CLANG_WARN_COMMA = YES;
				CLANG_WARN_CONSTANT_CONVERSION = YES;
				CLANG_WARN_DEPRECATED_OBJC_IMPLEMENTATIONS = YES;
				CLANG_WARN_DIRECT_OBJC_ISA_USAGE = YES_ERROR;
				CLANG_WARN_DOCUMENTATION_COMMENTS = YES;
				CLANG_WARN_EMPTY_BODY = YES;
				CLANG_WARN_ENUM_CONVERSION = YES;
				CLANG_WARN_INFINITE_RECURSION = YES;
				CLANG_WARN_INT_CONVERSION = YES;
				CLANG_WARN_NON_LITERAL_NULL_CONVERSION = YES;
				CLANG_WARN_OBJC_IMPLICIT_RETAIN_SELF = YES;
				CLANG_WARN_OBJC_LITERAL_CONVERSION = YES;
				CLANG_WARN_OBJC_ROOT_CLASS = YES_ERROR;
				CLANG_WARN_QUOTED_INCLUDE_IN_FRAMEWORK_HEADER = YES;
				CLANG_WARN_RANGE_LOOP_ANALYSIS = YES;
				CLANG_WARN_STRICT_PROTOTYPES = YES;
				CLANG_WARN_SUSPICIOUS_MOVE = YES;
				CLANG_WARN_UNGUARDED_AVAILABILITY = YES_AGGRESSIVE;
				CLANG_WARN_UNREACHABLE_CODE = YES;
				CLANG_WARN__DUPLICATE_METHOD_MATCH = YES;
				COPY_PHASE_STRIP = NO;
				DEBUG_INFORMATION_FORMAT = dwarf;
				ENABLE_STRICT_OBJC_MSGSEND = YES;
				ENABLE_TESTABILITY = YES;
				GCC_C_LANGUAGE_STANDARD = gnu11;
				GCC_DYNAMIC_NO_PIC = NO;
				GCC_NO_COMMON_BLOCKS = YES;
				GCC_OPTIMIZATION_LEVEL = 0;
				GCC_PREPROCESSOR_DEFINITIONS = (
					"DEBUG=1",
					"$(inherited)",
				);
				GCC_WARN_64_TO_32_BIT_CONVERSION = YES;
				GCC_WARN_ABOUT_RETURN_TYPE = YES_ERROR;
				GCC_WARN_UNDECLARED_SELECTOR = YES;
				GCC_WARN_UNINITIALIZED_AUTOS = YES_AGGRESSIVE;
				GCC_WARN_UNUSED_FUNCTION = YES;
				GCC_WARN_UNUSED_VARIABLE = YES;
				IPHONEOS_DEPLOYMENT_TARGET = 15.5;
				MTL_ENABLE_DEBUG_INFO = INCLUDE_SOURCE;
				MTL_FAST_MATH = YES;
				ONLY_ACTIVE_ARCH = YES;
				SDKROOT = iphoneos;
				SWIFT_ACTIVE_COMPILATION_CONDITIONS = DEBUG;
				SWIFT_OPTIMIZATION_LEVEL = "-Onone";
			};
			name = Debug;
		};
		ADE0FC302875FD8E00B4FBE4 /* Release */ = {
			isa = XCBuildConfiguration;
			buildSettings = {
				ALWAYS_SEARCH_USER_PATHS = NO;
				CLANG_ANALYZER_NONNULL = YES;
				CLANG_ANALYZER_NUMBER_OBJECT_CONVERSION = YES_AGGRESSIVE;
				CLANG_CXX_LANGUAGE_STANDARD = "gnu++17";
				CLANG_ENABLE_MODULES = YES;
				CLANG_ENABLE_OBJC_ARC = YES;
				CLANG_ENABLE_OBJC_WEAK = YES;
				CLANG_WARN_BLOCK_CAPTURE_AUTORELEASING = YES;
				CLANG_WARN_BOOL_CONVERSION = YES;
				CLANG_WARN_COMMA = YES;
				CLANG_WARN_CONSTANT_CONVERSION = YES;
				CLANG_WARN_DEPRECATED_OBJC_IMPLEMENTATIONS = YES;
				CLANG_WARN_DIRECT_OBJC_ISA_USAGE = YES_ERROR;
				CLANG_WARN_DOCUMENTATION_COMMENTS = YES;
				CLANG_WARN_EMPTY_BODY = YES;
				CLANG_WARN_ENUM_CONVERSION = YES;
				CLANG_WARN_INFINITE_RECURSION = YES;
				CLANG_WARN_INT_CONVERSION = YES;
				CLANG_WARN_NON_LITERAL_NULL_CONVERSION = YES;
				CLANG_WARN_OBJC_IMPLICIT_RETAIN_SELF = YES;
				CLANG_WARN_OBJC_LITERAL_CONVERSION = YES;
				CLANG_WARN_OBJC_ROOT_CLASS = YES_ERROR;
				CLANG_WARN_QUOTED_INCLUDE_IN_FRAMEWORK_HEADER = YES;
				CLANG_WARN_RANGE_LOOP_ANALYSIS = YES;
				CLANG_WARN_STRICT_PROTOTYPES = YES;
				CLANG_WARN_SUSPICIOUS_MOVE = YES;
				CLANG_WARN_UNGUARDED_AVAILABILITY = YES_AGGRESSIVE;
				CLANG_WARN_UNREACHABLE_CODE = YES;
				CLANG_WARN__DUPLICATE_METHOD_MATCH = YES;
				COPY_PHASE_STRIP = NO;
				DEBUG_INFORMATION_FORMAT = "dwarf-with-dsym";
				ENABLE_NS_ASSERTIONS = NO;
				ENABLE_STRICT_OBJC_MSGSEND = YES;
				GCC_C_LANGUAGE_STANDARD = gnu11;
				GCC_NO_COMMON_BLOCKS = YES;
				GCC_WARN_64_TO_32_BIT_CONVERSION = YES;
				GCC_WARN_ABOUT_RETURN_TYPE = YES_ERROR;
				GCC_WARN_UNDECLARED_SELECTOR = YES;
				GCC_WARN_UNINITIALIZED_AUTOS = YES_AGGRESSIVE;
				GCC_WARN_UNUSED_FUNCTION = YES;
				GCC_WARN_UNUSED_VARIABLE = YES;
				IPHONEOS_DEPLOYMENT_TARGET = 15.5;
				MTL_ENABLE_DEBUG_INFO = NO;
				MTL_FAST_MATH = YES;
				SDKROOT = iphoneos;
				SWIFT_COMPILATION_MODE = wholemodule;
				SWIFT_OPTIMIZATION_LEVEL = "-O";
				VALIDATE_PRODUCT = YES;
			};
			name = Release;
		};
		ADE0FC322875FD8E00B4FBE4 /* Debug */ = {
			isa = XCBuildConfiguration;
			buildSettings = {
				ASSETCATALOG_COMPILER_APPICON_NAME = AppIcon;
				ASSETCATALOG_COMPILER_GLOBAL_ACCENT_COLOR_NAME = AccentColor;
				CODE_SIGN_STYLE = Automatic;
				CURRENT_PROJECT_VERSION = 1;
				GENERATE_INFOPLIST_FILE = YES;
				INFOPLIST_FILE = CoctailRecepiesAF/App/Info.plist;
				INFOPLIST_KEY_UIApplicationSupportsIndirectInputEvents = YES;
				INFOPLIST_KEY_UILaunchStoryboardName = LaunchScreen;
				INFOPLIST_KEY_UIMainStoryboardFile = Main;
				INFOPLIST_KEY_UISupportedInterfaceOrientations = "UIInterfaceOrientationPortrait UIInterfaceOrientationLandscapeLeft UIInterfaceOrientationLandscapeRight";
				INFOPLIST_KEY_UISupportedInterfaceOrientations_iPad = "UIInterfaceOrientationPortrait UIInterfaceOrientationPortraitUpsideDown UIInterfaceOrientationLandscapeLeft UIInterfaceOrientationLandscapeRight";
				INFOPLIST_KEY_UISupportedInterfaceOrientations_iPhone = "UIInterfaceOrientationPortrait UIInterfaceOrientationLandscapeLeft UIInterfaceOrientationLandscapeRight";
				LD_RUNPATH_SEARCH_PATHS = (
					"$(inherited)",
					"@executable_path/Frameworks",
				);
				MARKETING_VERSION = 1.0;
				PRODUCT_BUNDLE_IDENTIFIER = MaximovNick.CoctailRecepiesAF;
				PRODUCT_NAME = "$(TARGET_NAME)";
				SWIFT_EMIT_LOC_STRINGS = YES;
				SWIFT_VERSION = 5.0;
				TARGETED_DEVICE_FAMILY = 1;
			};
			name = Debug;
		};
		ADE0FC332875FD8E00B4FBE4 /* Release */ = {
			isa = XCBuildConfiguration;
			buildSettings = {
				ASSETCATALOG_COMPILER_APPICON_NAME = AppIcon;
				ASSETCATALOG_COMPILER_GLOBAL_ACCENT_COLOR_NAME = AccentColor;
				CODE_SIGN_STYLE = Automatic;
				CURRENT_PROJECT_VERSION = 1;
				GENERATE_INFOPLIST_FILE = YES;
				INFOPLIST_FILE = CoctailRecepiesAF/App/Info.plist;
				INFOPLIST_KEY_UIApplicationSupportsIndirectInputEvents = YES;
				INFOPLIST_KEY_UILaunchStoryboardName = LaunchScreen;
				INFOPLIST_KEY_UIMainStoryboardFile = Main;
				INFOPLIST_KEY_UISupportedInterfaceOrientations = "UIInterfaceOrientationPortrait UIInterfaceOrientationLandscapeLeft UIInterfaceOrientationLandscapeRight";
				INFOPLIST_KEY_UISupportedInterfaceOrientations_iPad = "UIInterfaceOrientationPortrait UIInterfaceOrientationPortraitUpsideDown UIInterfaceOrientationLandscapeLeft UIInterfaceOrientationLandscapeRight";
				INFOPLIST_KEY_UISupportedInterfaceOrientations_iPhone = "UIInterfaceOrientationPortrait UIInterfaceOrientationLandscapeLeft UIInterfaceOrientationLandscapeRight";
				LD_RUNPATH_SEARCH_PATHS = (
					"$(inherited)",
					"@executable_path/Frameworks",
				);
				MARKETING_VERSION = 1.0;
				PRODUCT_BUNDLE_IDENTIFIER = MaximovNick.CoctailRecepiesAF;
				PRODUCT_NAME = "$(TARGET_NAME)";
				SWIFT_EMIT_LOC_STRINGS = YES;
				SWIFT_VERSION = 5.0;
				TARGETED_DEVICE_FAMILY = 1;
			};
			name = Release;
		};
/* End XCBuildConfiguration section */

/* Begin XCConfigurationList section */
		ADE0FC182875FD8E00B4FBE4 /* Build configuration list for PBXProject "CoctailRecepiesAF" */ = {
			isa = XCConfigurationList;
			buildConfigurations = (
				ADE0FC2F2875FD8E00B4FBE4 /* Debug */,
				ADE0FC302875FD8E00B4FBE4 /* Release */,
			);
			defaultConfigurationIsVisible = 0;
			defaultConfigurationName = Release;
		};
		ADE0FC312875FD8E00B4FBE4 /* Build configuration list for PBXNativeTarget "CoctailRecepiesAF" */ = {
			isa = XCConfigurationList;
			buildConfigurations = (
				ADE0FC322875FD8E00B4FBE4 /* Debug */,
				ADE0FC332875FD8E00B4FBE4 /* Release */,
			);
			defaultConfigurationIsVisible = 0;
			defaultConfigurationName = Release;
		};
/* End XCConfigurationList section */

/* Begin XCRemoteSwiftPackageReference section */
		ADE0FC3C2876003000B4FBE4 /* XCRemoteSwiftPackageReference "Alamofire" */ = {
			isa = XCRemoteSwiftPackageReference;
			repositoryURL = "https://github.com/Alamofire/Alamofire.git";
			requirement = {
				kind = upToNextMajorVersion;
				minimumVersion = 5.6.1;
			};
		};
/* End XCRemoteSwiftPackageReference section */

/* Begin XCSwiftPackageProductDependency section */
		ADE0FC3D2876003000B4FBE4 /* Alamofire */ = {
			isa = XCSwiftPackageProductDependency;
			package = ADE0FC3C2876003000B4FBE4 /* XCRemoteSwiftPackageReference "Alamofire" */;
			productName = Alamofire;
		};
/* End XCSwiftPackageProductDependency section */
	};
	rootObject = ADE0FC152875FD8E00B4FBE4 /* Project object */;
}
